schema: '2.0'
stages:
  fetch:
    cmd: uv run python src/data/fetch_data.py
    deps:
    - path: src/data/fetch_data.py
      hash: md5
      md5: f8484742af3a54b183754d902be8f09c
      size: 865
    params:
      params.yaml:
        fetch.url: 
          https://www.arso.gov.si/xml/zrak/ones_zrak_urni_podatki_7dni.xml
    outs:
    - path: data/raw/air/air_data.xml
      hash: md5
      md5: 92f0ab7499622dfe290213da7141b2a5
      size: 1173249
  preprocess:
    cmd: uv run python src/data/preprocess_air_data.py
    deps:
    - path: data/raw/air/air_data.xml
      hash: md5
      md5: 92f0ab7499622dfe290213da7141b2a5
      size: 1173249
    - path: src/data/preprocess_air_data.py
      hash: md5
      md5: f2076472bc7a58760ea545c8be8cae07
      size: 2642
    params:
      params.yaml:
        preprocess.output_dir: data/preprocessed/air
    outs:
    - path: data/preprocessed/air
      hash: md5
      md5: 75f1cebd0362d60bfa6fd8306632ff53.dir
      size: 324359
      nfiles: 23
  validate:
    cmd: "uv run python gx/setup_ge.py\nuv run python gx/run_checkpoint.py\n"
    deps:
    - path: data/preprocessed/air/
      hash: md5
      md5: 75f1cebd0362d60bfa6fd8306632ff53.dir
      size: 324359
      nfiles: 23
    - path: gx/run_checkpoint.py
      hash: md5
      md5: b5446ce349af8d2c25e86635131382dd
      size: 1680
    - path: gx/setup_ge.py
      hash: md5
      md5: 33062d13c3db2bcb7427fed40f00a383
      size: 2102
    outs:
    - path: gx/uncommitted/data_docs
      hash: md5
      md5: 131513f3ee056ba4f22d66abb5160fe4.dir
      size: 13016693
      nfiles: 198
    - path: gx/uncommitted/validations
      hash: md5
      md5: b1f13770ae95f0c46a0b7f1b9d089262.dir
      size: 988013
      nfiles: 177
  test_data:
    cmd: uv run python src/data/test_data.py
    deps:
    - path: data/preprocessed/air/
      hash: md5
      md5: 75f1cebd0362d60bfa6fd8306632ff53.dir
      size: 324359
      nfiles: 23
    - path: src/data/test_data.py
      hash: md5
      md5: 2d396c9cf75c22037cb1550f76d11843
      size: 4351
    outs:
    - path: data/reference/air
      hash: md5
      md5: 75f1cebd0362d60bfa6fd8306632ff53.dir
      size: 324359
      nfiles: 23
    - path: reports/data_testing/air
      hash: md5
      md5: 973c5e7653de8a4da90f6976a3a2457a.dir
      size: 79792509
      nfiles: 21
  train:
    cmd: uv run python src/models/train.py
    deps:
    - path: data/preprocessed/air/
      hash: md5
      md5: 75f1cebd0362d60bfa6fd8306632ff53.dir
      size: 324359
      nfiles: 23
    - path: data/reference/air/
      hash: md5
      md5: 75f1cebd0362d60bfa6fd8306632ff53.dir
      size: 324359
      nfiles: 23
    - path: gx/uncommitted/data_docs/
      hash: md5
      md5: 131513f3ee056ba4f22d66abb5160fe4.dir
      size: 13016693
      nfiles: 198
    - path: gx/uncommitted/validations/
      hash: md5
      md5: b1f13770ae95f0c46a0b7f1b9d089262.dir
      size: 988013
      nfiles: 177
    - path: src/models/preprocess.py
      hash: md5
      md5: 0b0c8755a12f929eb724dcb23961981f
      size: 1400
    - path: src/models/train.py
      hash: md5
      md5: 45d8ce15f4e0f108a7b77d512be8abab
      size: 10407
    params:
      params.yaml:
        train.batch_size: 32
        train.epochs: 50
        train.min_rows: 200
        train.random_state: 42
        train.target_col: PM10
        train.test_size: 72
        train.window_size: 24
    outs:
    - path: models
      hash: md5
      md5: aee339fc4c9e226db7b8609de9290b63.dir
      size: 11222418
      nfiles: 64
