schema: '2.0'
stages:
  fetch:
    cmd: uv run python src/data/fetch_data.py
    deps:
    - path: src/data/fetch_data.py
      hash: md5
      md5: f8484742af3a54b183754d902be8f09c
      size: 865
    params:
      params.yaml:
        fetch.url: 
          https://www.arso.gov.si/xml/zrak/ones_zrak_urni_podatki_7dni.xml
    outs:
    - path: data/raw/air/air_data.xml
      hash: md5
      md5: 0e9d63adaf3890e9a513197a0276f921
      size: 1173247
  preprocess:
    cmd: uv run python src/data/preprocess_air_data.py
    deps:
    - path: data/raw/air/air_data.xml
      hash: md5
      md5: 0e9d63adaf3890e9a513197a0276f921
      size: 1173247
    - path: src/data/preprocess_air_data.py
      hash: md5
      md5: f2076472bc7a58760ea545c8be8cae07
      size: 2642
    params:
      params.yaml:
        preprocess.output_dir: data/preprocessed/air
    outs:
    - path: data/preprocessed/air
      hash: md5
      md5: 65295cde73479c5ff9974c3a3b01e7ad.dir
      size: 320052
      nfiles: 23
  validate:
    cmd: "uv run python gx/setup_ge.py\nuv run python gx/run_checkpoint.py\n"
    deps:
    - path: data/preprocessed/air/
      hash: md5
      md5: 65295cde73479c5ff9974c3a3b01e7ad.dir
      size: 320052
      nfiles: 23
    - path: gx/run_checkpoint.py
      hash: md5
      md5: b5446ce349af8d2c25e86635131382dd
      size: 1680
    - path: gx/setup_ge.py
      hash: md5
      md5: 33062d13c3db2bcb7427fed40f00a383
      size: 2102
    outs:
    - path: gx/uncommitted/data_docs
      hash: md5
      md5: 90d8f54c38ca1e0422604ae3f4440ea7.dir
      size: 12865283
      nfiles: 195
    - path: gx/uncommitted/validations
      hash: md5
      md5: 660f4af163b4b7047e2ae4d14b2cdaf7.dir
      size: 971174
      nfiles: 174
  test_data:
    cmd: uv run python src/data/test_data.py
    deps:
    - path: data/preprocessed/air/
      hash: md5
      md5: 65295cde73479c5ff9974c3a3b01e7ad.dir
      size: 320052
      nfiles: 23
    - path: src/data/test_data.py
      hash: md5
      md5: 2d396c9cf75c22037cb1550f76d11843
      size: 4351
    outs:
    - path: data/reference/air
      hash: md5
      md5: 65295cde73479c5ff9974c3a3b01e7ad.dir
      size: 320052
      nfiles: 23
    - path: reports/data_testing/air
      hash: md5
      md5: 1abfdbee866eb6fb618aff7312b6e24b.dir
      size: 79797396
      nfiles: 21
  train:
    cmd: uv run python src/models/train.py
    deps:
    - path: data/preprocessed/air/
      hash: md5
      md5: 65295cde73479c5ff9974c3a3b01e7ad.dir
      size: 320052
      nfiles: 23
    - path: data/reference/air/
      hash: md5
      md5: 65295cde73479c5ff9974c3a3b01e7ad.dir
      size: 320052
      nfiles: 23
    - path: gx/uncommitted/data_docs/
      hash: md5
      md5: 90d8f54c38ca1e0422604ae3f4440ea7.dir
      size: 12865283
      nfiles: 195
    - path: gx/uncommitted/validations/
      hash: md5
      md5: 660f4af163b4b7047e2ae4d14b2cdaf7.dir
      size: 971174
      nfiles: 174
    - path: src/models/preprocess.py
      hash: md5
      md5: 0b0c8755a12f929eb724dcb23961981f
      size: 1400
    - path: src/models/train.py
      hash: md5
      md5: 45d8ce15f4e0f108a7b77d512be8abab
      size: 10407
    params:
      params.yaml:
        train.batch_size: 32
        train.epochs: 50
        train.min_rows: 200
        train.random_state: 42
        train.target_col: PM10
        train.test_size: 72
        train.window_size: 24
    outs:
    - path: models
      hash: md5
      md5: d8d980da41e5f9470b9944660dd6d00d.dir
      size: 11222460
      nfiles: 64
