schema: '2.0'
stages:
  fetch:
    cmd: uv run python src/data/fetch_data.py
    deps:
    - path: src/data/fetch_data.py
      hash: md5
      md5: f8484742af3a54b183754d902be8f09c
      size: 865
    params:
      params.yaml:
        fetch.url: 
          https://www.arso.gov.si/xml/zrak/ones_zrak_urni_podatki_7dni.xml
    outs:
    - path: data/raw/air/air_data.xml
      hash: md5
      md5: 867ffcaf117f81bdc0e3438c1d2cdf01
      size: 1170139
  preprocess:
    cmd: uv run python src/data/preprocess_air_data.py
    deps:
    - path: data/raw/air/air_data.xml
      hash: md5
      md5: 867ffcaf117f81bdc0e3438c1d2cdf01
      size: 1170139
    - path: src/data/preprocess_air_data.py
      hash: md5
      md5: f2076472bc7a58760ea545c8be8cae07
      size: 2642
    params:
      params.yaml:
        preprocess.output_dir: data/preprocessed/air
    outs:
    - path: data/preprocessed/air
      hash: md5
      md5: e162bb6e94c78d13e978399adf8efe5f.dir
      size: 422859
      nfiles: 23
  validate:
    cmd: "uv run python gx/setup_ge.py\nuv run python gx/run_checkpoint.py\n"
    deps:
    - path: data/preprocessed/air/
      hash: md5
      md5: e162bb6e94c78d13e978399adf8efe5f.dir
      size: 422859
      nfiles: 23
    - path: gx/run_checkpoint.py
      hash: md5
      md5: b5446ce349af8d2c25e86635131382dd
      size: 1680
    - path: gx/setup_ge.py
      hash: md5
      md5: 33062d13c3db2bcb7427fed40f00a383
      size: 2102
    outs:
    - path: gx/uncommitted/data_docs
      hash: md5
      md5: 1d8c3efa2bd60a53ac5d8dca7731bcfc.dir
      size: 15641128
      nfiles: 250
    - path: gx/uncommitted/validations
      hash: md5
      md5: 1839416d759944524509ba3fd912699e.dir
      size: 1279963
      nfiles: 229
  test_data:
    cmd: uv run python src/data/test_data.py
    deps:
    - path: data/preprocessed/air/
      hash: md5
      md5: e162bb6e94c78d13e978399adf8efe5f.dir
      size: 422859
      nfiles: 23
    - path: src/data/test_data.py
      hash: md5
      md5: 2d396c9cf75c22037cb1550f76d11843
      size: 4351
    outs:
    - path: data/reference/air
      hash: md5
      md5: e162bb6e94c78d13e978399adf8efe5f.dir
      size: 422859
      nfiles: 23
    - path: reports/data_testing/air
      hash: md5
      md5: 404d3b33e287a324eb71d4ff87259e22.dir
      size: 79768381
      nfiles: 21
  train:
    cmd: uv run python src/models/train.py
    deps:
    - path: data/preprocessed/air/
      hash: md5
      md5: e162bb6e94c78d13e978399adf8efe5f.dir
      size: 422859
      nfiles: 23
    - path: data/reference/air/
      hash: md5
      md5: e162bb6e94c78d13e978399adf8efe5f.dir
      size: 422859
      nfiles: 23
    - path: gx/uncommitted/data_docs/
      hash: md5
      md5: 1d8c3efa2bd60a53ac5d8dca7731bcfc.dir
      size: 15641128
      nfiles: 250
    - path: gx/uncommitted/validations/
      hash: md5
      md5: 1839416d759944524509ba3fd912699e.dir
      size: 1279963
      nfiles: 229
    - path: src/models/preprocess.py
      hash: md5
      md5: 0b0c8755a12f929eb724dcb23961981f
      size: 1400
    - path: src/models/train.py
      hash: md5
      md5: 45d8ce15f4e0f108a7b77d512be8abab
      size: 10407
    params:
      params.yaml:
        train.batch_size: 32
        train.epochs: 50
        train.min_rows: 200
        train.random_state: 42
        train.target_col: PM10
        train.test_size: 72
        train.window_size: 24
    outs:
    - path: models
      hash: md5
      md5: 301e979ac3db644a4424e614294d9966.dir
      size: 11222465
      nfiles: 64
